{
    "_readme": [
        "This file locks the dependencies of your project to a known state",
        "Read more about it at https://getcomposer.org/doc/01-basic-usage.md#composer-lock-the-lock-file",
        "This file is @generated automatically"
    ],
    "content-hash": "bf7709dd02147d6820929f1d232796af",
    "packages": [
        {
            "name": "solarium/solarium",
            "version": "3.8.1",
            "source": {
                "type": "git",
                "url": "https://github.com/solariumphp/solarium.git",
                "reference": "c353babec89fdbe8c64054bfec8e77bcb5da6705"
            },
            "dist": {
                "type": "zip",
                "url": "https://api.github.com/repos/solariumphp/solarium/zipball/c353babec89fdbe8c64054bfec8e77bcb5da6705",
                "reference": "c353babec89fdbe8c64054bfec8e77bcb5da6705",
                "shasum": ""
            },
            "require": {
                "php": ">=5.3.2",
                "symfony/event-dispatcher": "~2.3|~3.0"
            },
            "require-dev": {
                "guzzlehttp/guzzle": "^3.8 || ^6.2",
                "phpunit/phpunit": "~3.7",
                "satooshi/php-coveralls": "~1.0",
                "squizlabs/php_codesniffer": "~1.4",
                "zendframework/zendframework1": "~1.12"
            },
            "suggest": {
                "minimalcode/search": "Query builder compatible with Solarium, allows simplified solr-query handling"
            },
            "type": "library",
            "extra": {
                "branch-alias": {
                    "dev-develop": "3.3.x-dev"
                }
            },
            "autoload": {
                "psr-0": {
                    "Solarium\\": "library/"
                }
            },
            "notification-url": "https://packagist.org/downloads/",
            "license": [
                "BSD-3-Clause"
            ],
            "authors": [
                {
                    "name": "See GitHub contributors",
                    "homepage": "https://github.com/basdenooijer/solarium/contributors"
                }
            ],
            "description": "PHP Solr client",
            "homepage": "http://www.solarium-project.org",
            "keywords": [
                "php",
                "search",
                "solr"
            ],
            "time": "2017-02-02T13:32:22+00:00"
        },
        {
            "name": "symfony/event-dispatcher",
            "version": "v3.2.3",
            "source": {
                "type": "git",
                "url": "https://github.com/symfony/event-dispatcher.git",
                "reference": "9137eb3a3328e413212826d63eeeb0217836e2b6"
            },
            "dist": {
                "type": "zip",
                "url": "https://api.github.com/repos/symfony/event-dispatcher/zipball/9137eb3a3328e413212826d63eeeb0217836e2b6",
                "reference": "9137eb3a3328e413212826d63eeeb0217836e2b6",
                "shasum": ""
            },
            "require": {
                "php": ">=5.5.9"
            },
            "require-dev": {
                "psr/log": "~1.0",
                "symfony/config": "~2.8|~3.0",
                "symfony/dependency-injection": "~2.8|~3.0",
                "symfony/expression-language": "~2.8|~3.0",
                "symfony/stopwatch": "~2.8|~3.0"
            },
            "suggest": {
                "symfony/dependency-injection": "",
                "symfony/http-kernel": ""
            },
            "type": "library",
            "extra": {
                "branch-alias": {
                    "dev-master": "3.2-dev"
                }
            },
            "autoload": {
                "psr-4": {
                    "Symfony\\Component\\EventDispatcher\\": ""
                },
                "exclude-from-classmap": [
                    "/Tests/"
                ]
            },
            "notification-url": "https://packagist.org/downloads/",
            "license": [
                "MIT"
            ],
            "authors": [
                {
                    "name": "Fabien Potencier",
                    "email": "fabien@symfony.com"
                },
                {
                    "name": "Symfony Community",
                    "homepage": "https://symfony.com/contributors"
                }
            ],
            "description": "Symfony EventDispatcher Component",
            "homepage": "https://symfony.com",
            "time": "2017-01-02T20:32:22+00:00"
        }
    ],
    "packages-dev": [],
    "aliases": [],
    "minimum-stability": "stable",
    "stability-flags": [],
    "prefer-stable": false,
    "prefer-lowest": false,
    "platform": [],
    "platform-dev": []
}
