{
    "_readme": [
        "This file locks the dependencies of your project to a known state",
        "Read more about it at https://getcomposer.org/doc/01-basic-usage.md#installing-dependencies",
        "This file is @generated automatically"
    ],
    "content-hash": "9a74aaff9a9f470d6915232e517f88a5",
    "packages": [
        {
            "name": "daita/my-small-php-tools",
            "version": "v22.0.3",
            "source": {
                "type": "git",
                "url": "https://github.com/daita/my-small-php-tools.git",
                "reference": "5a6c67be6f76955f44651fba8ebad9e6f9216acc"
            },
            "dist": {
                "type": "zip",
                "url": "https://api.github.com/repos/daita/my-small-php-tools/zipball/5a6c67be6f76955f44651fba8ebad9e6f9216acc",
                "reference": "5a6c67be6f76955f44651fba8ebad9e6f9216acc",
                "shasum": ""
            },
            "require": {
                "php": ">=7.0"
            },
            "type": "library",
            "autoload": {
                "psr-4": {
                    "daita\\MySmallPhpTools\\": "lib/"
                }
            },
            "notification-url": "https://packagist.org/downloads/",
            "license": [
                "AGPL-3.0-or-later"
            ],
            "authors": [
                {
                    "name": "Maxence Lange",
                    "email": "maxence@artificial-owl.com"
                }
            ],
            "description": "My small PHP Tools",
            "support": {
                "issues": "https://github.com/daita/my-small-php-tools/issues",
                "source": "https://github.com/daita/my-small-php-tools/tree/v22.0.3"
            },
            "time": "2021-05-04T18:18:55+00:00"
        }
    ],
    "packages-dev": [],
    "aliases": [],
    "minimum-stability": "stable",
    "stability-flags": [],
    "prefer-stable": false,
    "prefer-lowest": false,
    "platform": [],
    "platform-dev": [],
    "plugin-api-version": "2.0.0"
}
